
Microsoft Visual Studio Solution File, Format Version 12.00
# Visual Studio Version 16
VisualStudioVersion = 16.0.32002.261
MinimumVisualStudioVersion = 10.0.40219.1
Project("{FAE04EC0-301F-11D3-BF4B-00C04F79EFBC}") = "Coding Exercise 114M", "Coding Exercise 114M\Coding Exercise 114M.csproj", "{9E459325-C7C8-4DBA-AC22-C0449824624F}"
EndProject
Global
	GlobalSection(SolutionConfigurationPlatforms) = preSolution
		Debug|Any CPU = Debug|Any CPU
		Release|Any CPU = Release|Any CPU
	EndGlobalSection
	GlobalSection(ProjectConfigurationPlatforms) = postSolution
		{9E459325-C7C8-4DBA-AC22-C0449824624F}.Debug|Any CPU.ActiveCfg = Debug|Any CPU
		{9E459325-C7C8-4DBA-AC22-C0449824624F}.Debug|Any CPU.Build.0 = Debug|Any CPU
		{9E459325-C7C8-4DBA-AC22-C0449824624F}.Release|Any CPU.ActiveCfg = Release|Any CPU
		{9E459325-C7C8-4DBA-AC22-C0449824624F}.Release|Any CPU.Build.0 = Release|Any CPU
	EndGlobalSection
	GlobalSection(SolutionProperties) = preSolution
		HideSolutionNode = FALSE
	EndGlobalSection
	GlobalSection(ExtensibilityGlobals) = postSolution
		SolutionGuid = {173DB096-3C7C-4955-8D72-76AF0E4096A8}
	EndGlobalSection
EndGlobal
